
Microsoft Visual Studio Solution File, Format Version 12.00
# Visual Studio Version 17
VisualStudioVersion = 17.7.34018.315
MinimumVisualStudioVersion = 10.0.40219.1
Project("{9A19103F-16F7-4668-BE54-9A1E7A4F7556}") = "CleanArchMvc.Domain", "CleanArchMvc.Domain\CleanArchMvc.Domain.csproj", "{6A95F0FF-F275-440C-A5CD-9A3143E60D38}"
EndProject
Project("{9A19103F-16F7-4668-BE54-9A1E7A4F7556}") = "CleanArchMvc.Application", "CleanArchMvc.Aplication\CleanArchMvc.Application.csproj", "{F17FF51D-6C02-4524-8D9C-7E6F00706742}"
EndProject
Project("{9A19103F-16F7-4668-BE54-9A1E7A4F7556}") = "CleanArchMvc.Infra.Data", "CleanArchMvc.Infra.Data\CleanArchMvc.Infra.Data.csproj", "{62DF2D82-C574-41BF-B0B9-7E9BF35D4538}"
EndProject
Project("{9A19103F-16F7-4668-BE54-9A1E7A4F7556}") = "CleanArchMvc.Infra.IoC", "CleanArchMvc.IoC\CleanArchMvc.Infra.IoC.csproj", "{B50C79BF-6E91-4854-838B-DB361FB397EB}"
EndProject
Project("{9A19103F-16F7-4668-BE54-9A1E7A4F7556}") = "CleanArchMvc.WebUI", "CleanArchMvc.WebUI\CleanArchMvc.WebUI.csproj", "{96CEC872-3329-410D-A700-D40FF44578B8}"
EndProject
Project("{9A19103F-16F7-4668-BE54-9A1E7A4F7556}") = "CleanArchMvc.Domain.Tests", "CleanArchMvc.Domain.Tests\CleanArchMvc.Domain.Tests.csproj", "{921FB825-8699-4741-9A94-08478C22CE42}"
EndProject
Project("{FAE04EC0-301F-11D3-BF4B-00C04F79EFBC}") = "CleanArchMvc.API", "CleanArchMvc.API\CleanArchMvc.API.csproj", "{642705DA-9003-4DE2-B9AE-725076F5F765}"
EndProject
Global
	GlobalSection(SolutionConfigurationPlatforms) = preSolution
		Debug|Any CPU = Debug|Any CPU
		Release|Any CPU = Release|Any CPU
	EndGlobalSection
	GlobalSection(ProjectConfigurationPlatforms) = postSolution
		{6A95F0FF-F275-440C-A5CD-9A3143E60D38}.Debug|Any CPU.ActiveCfg = Debug|Any CPU
		{6A95F0FF-F275-440C-A5CD-9A3143E60D38}.Debug|Any CPU.Build.0 = Debug|Any CPU
		{6A95F0FF-F275-440C-A5CD-9A3143E60D38}.Release|Any CPU.ActiveCfg = Release|Any CPU
		{6A95F0FF-F275-440C-A5CD-9A3143E60D38}.Release|Any CPU.Build.0 = Release|Any CPU
		{F17FF51D-6C02-4524-8D9C-7E6F00706742}.Debug|Any CPU.ActiveCfg = Debug|Any CPU
		{F17FF51D-6C02-4524-8D9C-7E6F00706742}.Debug|Any CPU.Build.0 = Debug|Any CPU
		{F17FF51D-6C02-4524-8D9C-7E6F00706742}.Release|Any CPU.ActiveCfg = Release|Any CPU
		{F17FF51D-6C02-4524-8D9C-7E6F00706742}.Release|Any CPU.Build.0 = Release|Any CPU
		{62DF2D82-C574-41BF-B0B9-7E9BF35D4538}.Debug|Any CPU.ActiveCfg = Debug|Any CPU
		{62DF2D82-C574-41BF-B0B9-7E9BF35D4538}.Debug|Any CPU.Build.0 = Debug|Any CPU
		{62DF2D82-C574-41BF-B0B9-7E9BF35D4538}.Release|Any CPU.ActiveCfg = Release|Any CPU
		{62DF2D82-C574-41BF-B0B9-7E9BF35D4538}.Release|Any CPU.Build.0 = Release|Any CPU
		{B50C79BF-6E91-4854-838B-DB361FB397EB}.Debug|Any CPU.ActiveCfg = Debug|Any CPU
		{B50C79BF-6E91-4854-838B-DB361FB397EB}.Debug|Any CPU.Build.0 = Debug|Any CPU
		{B50C79BF-6E91-4854-838B-DB361FB397EB}.Release|Any CPU.ActiveCfg = Release|Any CPU
		{B50C79BF-6E91-4854-838B-DB361FB397EB}.Release|Any CPU.Build.0 = Release|Any CPU
		{96CEC872-3329-410D-A700-D40FF44578B8}.Debug|Any CPU.ActiveCfg = Debug|Any CPU
		{96CEC872-3329-410D-A700-D40FF44578B8}.Debug|Any CPU.Build.0 = Debug|Any CPU
		{96CEC872-3329-410D-A700-D40FF44578B8}.Release|Any CPU.ActiveCfg = Release|Any CPU
		{96CEC872-3329-410D-A700-D40FF44578B8}.Release|Any CPU.Build.0 = Release|Any CPU
		{921FB825-8699-4741-9A94-08478C22CE42}.Debug|Any CPU.ActiveCfg = Debug|Any CPU
		{921FB825-8699-4741-9A94-08478C22CE42}.Debug|Any CPU.Build.0 = Debug|Any CPU
		{921FB825-8699-4741-9A94-08478C22CE42}.Release|Any CPU.ActiveCfg = Release|Any CPU
		{921FB825-8699-4741-9A94-08478C22CE42}.Release|Any CPU.Build.0 = Release|Any CPU
		{642705DA-9003-4DE2-B9AE-725076F5F765}.Debug|Any CPU.ActiveCfg = Debug|Any CPU
		{642705DA-9003-4DE2-B9AE-725076F5F765}.Debug|Any CPU.Build.0 = Debug|Any CPU
		{642705DA-9003-4DE2-B9AE-725076F5F765}.Release|Any CPU.ActiveCfg = Release|Any CPU
		{642705DA-9003-4DE2-B9AE-725076F5F765}.Release|Any CPU.Build.0 = Release|Any CPU
	EndGlobalSection
	GlobalSection(SolutionProperties) = preSolution
		HideSolutionNode = FALSE
	EndGlobalSection
	GlobalSection(ExtensibilityGlobals) = postSolution
		SolutionGuid = {2FFF76FD-BBD0-4B38-AA90-498E111D0698}
	EndGlobalSection
EndGlobal
